
Microsoft Visual Studio Solution File, Format Version 12.00
# Visual Studio Version 16
VisualStudioVersion = 16.0.29230.47
MinimumVisualStudioVersion = 10.0.40219.1
Project("{FAE04EC0-301F-11D3-BF4B-00C04F79EFBC}") = "SocketClientReCode", "SocketClientReCode\SocketClientReCode.csproj", "{5D3AB1CB-DA96-4944-9530-6ACBDBA8CFB4}"
EndProject
Global
	GlobalSection(SolutionConfigurationPlatforms) = preSolution
		Debug|Any CPU = Debug|Any CPU
		Release|Any CPU = Release|Any CPU
	EndGlobalSection
	GlobalSection(ProjectConfigurationPlatforms) = postSolution
		{5D3AB1CB-DA96-4944-9530-6ACBDBA8CFB4}.Debug|Any CPU.ActiveCfg = Debug|Any CPU
		{5D3AB1CB-DA96-4944-9530-6ACBDBA8CFB4}.Debug|Any CPU.Build.0 = Debug|Any CPU
		{5D3AB1CB-DA96-4944-9530-6ACBDBA8CFB4}.Release|Any CPU.ActiveCfg = Release|Any CPU
		{5D3AB1CB-DA96-4944-9530-6ACBDBA8CFB4}.Release|Any CPU.Build.0 = Release|Any CPU
	EndGlobalSection
	GlobalSection(SolutionProperties) = preSolution
		HideSolutionNode = FALSE
	EndGlobalSection
	GlobalSection(ExtensibilityGlobals) = postSolution
		SolutionGuid = {C0C68D4C-84A5-4D89-AD22-96A983284051}
	EndGlobalSection
EndGlobal
