
Microsoft Visual Studio Solution File, Format Version 12.00
# Visual Studio Version 16
VisualStudioVersion = 16.0.30104.148
MinimumVisualStudioVersion = 10.0.40219.1
Project("{FAE04EC0-301F-11D3-BF4B-00C04F79EFBC}") = "AutoMoveFile", "AutoMoveFile\AutoMoveFile.csproj", "{01AC3B6D-763D-4A80-93B8-ACF98FC34C85}"
EndProject
Global
	GlobalSection(SolutionConfigurationPlatforms) = preSolution
		Debug|Any CPU = Debug|Any CPU
		Release|Any CPU = Release|Any CPU
	EndGlobalSection
	GlobalSection(ProjectConfigurationPlatforms) = postSolution
		{01AC3B6D-763D-4A80-93B8-ACF98FC34C85}.Debug|Any CPU.ActiveCfg = Debug|Any CPU
		{01AC3B6D-763D-4A80-93B8-ACF98FC34C85}.Debug|Any CPU.Build.0 = Debug|Any CPU
		{01AC3B6D-763D-4A80-93B8-ACF98FC34C85}.Release|Any CPU.ActiveCfg = Release|Any CPU
		{01AC3B6D-763D-4A80-93B8-ACF98FC34C85}.Release|Any CPU.Build.0 = Release|Any CPU
	EndGlobalSection
	GlobalSection(SolutionProperties) = preSolution
		HideSolutionNode = FALSE
	EndGlobalSection
	GlobalSection(ExtensibilityGlobals) = postSolution
		SolutionGuid = {19851ED8-7190-41B7-8C88-C261542182C0}
	EndGlobalSection
EndGlobal
