
Microsoft Visual Studio Solution File, Format Version 12.00
# Visual Studio Version 16
VisualStudioVersion = 16.0.29123.88
MinimumVisualStudioVersion = 10.0.40219.1
Project("{9A19103F-16F7-4668-BE54-9A1E7A4F7556}") = "CSspider", "CSspider\CSspider.csproj", "{C3F1D92C-F048-4936-9D2A-D32EDD9E1BFD}"
EndProject
Project("{9A19103F-16F7-4668-BE54-9A1E7A4F7556}") = "DataAccess.Entity", "DataAccess.Entity\DataAccess.Entity.csproj", "{D29E92D0-B451-4A50-BAE5-38205338DD0A}"
EndProject
Project("{9A19103F-16F7-4668-BE54-9A1E7A4F7556}") = "DataAccess.EntityFramework", "DataAccess.EntityFramework\DataAccess.EntityFramework.csproj", "{1BD3E6BD-4E11-47E3-9EF3-A4DA8966A401}"
EndProject
Project("{9A19103F-16F7-4668-BE54-9A1E7A4F7556}") = "Stock", "Stock\Stock.csproj", "{A1703E2B-28D1-4EB9-9AE5-6095B00C9C53}"
EndProject
Global
	GlobalSection(SolutionConfigurationPlatforms) = preSolution
		Debug|Any CPU = Debug|Any CPU
		Release|Any CPU = Release|Any CPU
	EndGlobalSection
	GlobalSection(ProjectConfigurationPlatforms) = postSolution
		{C3F1D92C-F048-4936-9D2A-D32EDD9E1BFD}.Debug|Any CPU.ActiveCfg = Debug|Any CPU
		{C3F1D92C-F048-4936-9D2A-D32EDD9E1BFD}.Debug|Any CPU.Build.0 = Debug|Any CPU
		{C3F1D92C-F048-4936-9D2A-D32EDD9E1BFD}.Release|Any CPU.ActiveCfg = Release|Any CPU
		{C3F1D92C-F048-4936-9D2A-D32EDD9E1BFD}.Release|Any CPU.Build.0 = Release|Any CPU
		{D29E92D0-B451-4A50-BAE5-38205338DD0A}.Debug|Any CPU.ActiveCfg = Debug|Any CPU
		{D29E92D0-B451-4A50-BAE5-38205338DD0A}.Debug|Any CPU.Build.0 = Debug|Any CPU
		{D29E92D0-B451-4A50-BAE5-38205338DD0A}.Release|Any CPU.ActiveCfg = Release|Any CPU
		{D29E92D0-B451-4A50-BAE5-38205338DD0A}.Release|Any CPU.Build.0 = Release|Any CPU
		{1BD3E6BD-4E11-47E3-9EF3-A4DA8966A401}.Debug|Any CPU.ActiveCfg = Debug|Any CPU
		{1BD3E6BD-4E11-47E3-9EF3-A4DA8966A401}.Debug|Any CPU.Build.0 = Debug|Any CPU
		{1BD3E6BD-4E11-47E3-9EF3-A4DA8966A401}.Release|Any CPU.ActiveCfg = Release|Any CPU
		{1BD3E6BD-4E11-47E3-9EF3-A4DA8966A401}.Release|Any CPU.Build.0 = Release|Any CPU
		{A1703E2B-28D1-4EB9-9AE5-6095B00C9C53}.Debug|Any CPU.ActiveCfg = Debug|Any CPU
		{A1703E2B-28D1-4EB9-9AE5-6095B00C9C53}.Debug|Any CPU.Build.0 = Debug|Any CPU
		{A1703E2B-28D1-4EB9-9AE5-6095B00C9C53}.Release|Any CPU.ActiveCfg = Release|Any CPU
		{A1703E2B-28D1-4EB9-9AE5-6095B00C9C53}.Release|Any CPU.Build.0 = Release|Any CPU
	EndGlobalSection
	GlobalSection(SolutionProperties) = preSolution
		HideSolutionNode = FALSE
	EndGlobalSection
	GlobalSection(ExtensibilityGlobals) = postSolution
		SolutionGuid = {0002BD43-9E54-4899-90B8-ED245C9AB0E7}
	EndGlobalSection
EndGlobal
