
Microsoft Visual Studio Solution File, Format Version 12.00
# Visual Studio Version 16
VisualStudioVersion = 16.0.29230.47
MinimumVisualStudioVersion = 10.0.40219.1
Project("{FAE04EC0-301F-11D3-BF4B-00C04F79EFBC}") = "SocketServerReCode", "SocketServerReCode\SocketServerReCode.csproj", "{AFF9FFCF-0E06-4340-AF0A-DBDD0ABA769D}"
EndProject
Global
	GlobalSection(SolutionConfigurationPlatforms) = preSolution
		Debug|Any CPU = Debug|Any CPU
		Release|Any CPU = Release|Any CPU
	EndGlobalSection
	GlobalSection(ProjectConfigurationPlatforms) = postSolution
		{AFF9FFCF-0E06-4340-AF0A-DBDD0ABA769D}.Debug|Any CPU.ActiveCfg = Debug|Any CPU
		{AFF9FFCF-0E06-4340-AF0A-DBDD0ABA769D}.Debug|Any CPU.Build.0 = Debug|Any CPU
		{AFF9FFCF-0E06-4340-AF0A-DBDD0ABA769D}.Release|Any CPU.ActiveCfg = Release|Any CPU
		{AFF9FFCF-0E06-4340-AF0A-DBDD0ABA769D}.Release|Any CPU.Build.0 = Release|Any CPU
	EndGlobalSection
	GlobalSection(SolutionProperties) = preSolution
		HideSolutionNode = FALSE
	EndGlobalSection
	GlobalSection(ExtensibilityGlobals) = postSolution
		SolutionGuid = {A2B3A812-D515-41CB-AF2A-60FD96EEA893}
	EndGlobalSection
EndGlobal
